{
  "name": "ftp-deployer",
  "version": "1.0.1",
  "lockfileVersion": 2,
  "requires": true,
  "packages": {
    "": {
      "name": "ftp-deployer",
      "version": "1.0.1",
      "license": "MIT",
      "dependencies": {
        "@actions/core": "^1.9.1",
        "ftp-deploy": "^2.3.8"
      },
      "devDependencies": {
        "@zeit/ncc": "^0.22.3"
      }
    },
    "node_modules/@actions/core": {
      "version": "1.9.1",
      "resolved": "https://registry.npmjs.org/@actions/core/-/core-1.9.1.tgz",
      "integrity": "sha512-5ad+U2YGrmmiw6du20AQW5XuWo7UKN2052FjSV7MX+Wfjf8sCqcsZe62NfgHys4QI4/Y+vQvLKYL8jWtA1ZBTA==",
      "dependencies": {
        "@actions/http-client": "^2.0.1",
        "uuid": "^8.3.2"
      }
    },
    "node_modules/@actions/http-client": {
      "version": "2.0.1",
      "resolved": "https://registry.npmjs.org/@actions/http-client/-/http-client-2.0.1.tgz",
      "integrity": "sha512-PIXiMVtz6VvyaRsGY268qvj57hXQEpsYogYOu2nrQhlf+XCGmZstmuZBbAybUl1nQGnvS1k1eEsQ69ZoD7xlSw==",
      "dependencies": {
        "tunnel": "^0.0.6"
      }
    },
    "node_modules/@icetee/ftp": {
      "version": "0.3.15",
      "resolved": "https://registry.npmjs.org/@icetee/ftp/-/ftp-0.3.15.tgz",
      "integrity": "sha512-RxSa9VjcDWgWCYsaLdZItdCnJj7p4LxggaEk+Y3MP0dHKoxez8ioG07DVekVbZZqccsrL+oPB/N9AzVPxj4blg==",
      "dependencies": {
        "readable-stream": "1.1.x",
        "xregexp": "2.0.0"
      },
      "engines": {
        "node": ">=0.8.0"
      }
    },
    "node_modules/@zeit/ncc": {
      "version": "0.22.3",
      "resolved": "https://registry.npmjs.org/@zeit/ncc/-/ncc-0.22.3.tgz",
      "integrity": "sha512-jnCLpLXWuw/PAiJiVbLjA8WBC0IJQbFeUwF4I9M+23MvIxTxk5pD4Q8byQBSPmHQjz5aBoA7AKAElQxMpjrCLQ==",
      "deprecated": "@zeit/ncc is no longer maintained. Please use @vercel/ncc instead.",
      "dev": true,
      "bin": {
        "ncc": "dist/ncc/cli.js"
      }
    },
    "node_modules/balanced-match": {
      "version": "1.0.0",
      "resolved": "https://registry.npmjs.org/balanced-match/-/balanced-match-1.0.0.tgz",
      "integrity": "sha1-ibTRmasr7kneFk6gK4nORi1xt2c="
    },
    "node_modules/bluebird": {
      "version": "3.7.2",
      "resolved": "https://registry.npmjs.org/bluebird/-/bluebird-3.7.2.tgz",
      "integrity": "sha512-XpNj6GDQzdfW+r2Wnn7xiSAd7TM3jzkxGXBGTtWKuSXv1xUV+azxAm8jdWZN06QTQk+2N2XB9jRDkvbmQmcRtg=="
    },
    "node_modules/brace-expansion": {
      "version": "1.1.11",
      "resolved": "https://registry.npmjs.org/brace-expansion/-/brace-expansion-1.1.11.tgz",
      "integrity": "sha512-iCuPHDFgrHX7H2vEI/5xpz07zSHB00TpugqhmYtVmMO6518mCuRMoOYFldEBl0g187ufozdaHgWKcYFb61qGiA==",
      "dependencies": {
        "balanced-match": "^1.0.0",
        "concat-map": "0.0.1"
      }
    },
    "node_modules/concat-map": {
      "version": "0.0.1",
      "resolved": "https://registry.npmjs.org/concat-map/-/concat-map-0.0.1.tgz",
      "integrity": "sha1-2Klr13/Wjfd5OnMDajug1UBdR3s="
    },
    "node_modules/core-util-is": {
      "version": "1.0.2",
      "resolved": "https://registry.npmjs.org/core-util-is/-/core-util-is-1.0.2.tgz",
      "integrity": "sha1-tf1UIgqivFq1eqtxQMlAdUUDwac="
    },
    "node_modules/ftp-deploy": {
      "version": "2.3.8",
      "resolved": "https://registry.npmjs.org/ftp-deploy/-/ftp-deploy-2.3.8.tgz",
      "integrity": "sha512-1mSPYxDpbl9k+9ojFcA4WLa6xyrZqkiJT59G+2Uy+2+DVdC3Bas05RQSomIz/00RIWJH+l/3W0NByYfUPupELQ==",
      "dependencies": {
        "bluebird": "^3.7.0",
        "minimatch": "3.0.4",
        "promise-ftp": "^1.3.5",
        "read": "^1.0.7",
        "upath": "^1.2.0"
      },
      "engines": {
        "node": ">=8"
      }
    },
    "node_modules/inherits": {
      "version": "2.0.4",
      "resolved": "https://registry.npmjs.org/inherits/-/inherits-2.0.4.tgz",
      "integrity": "sha512-k/vGaX4/Yla3WzyMCvTQOXYeIHvqOKtnqBduzTHpzpQZzAskKMhZ2K+EnBiSM9zGSoIFeMpXKxa4dYeZIQqewQ=="
    },
    "node_modules/isarray": {
      "version": "0.0.1",
      "resolved": "https://registry.npmjs.org/isarray/-/isarray-0.0.1.tgz",
      "integrity": "sha1-ihis/Kmo9Bd+Cav8YDiTmwXR7t8="
    },
    "node_modules/minimatch": {
      "version": "3.0.4",
      "resolved": "https://registry.npmjs.org/minimatch/-/minimatch-3.0.4.tgz",
      "integrity": "sha512-yJHVQEhyqPLUTgt9B83PXu6W3rx4MvvHvSUvToogpwoGDOUQ+yDrR0HRot+yOCdCO7u4hX3pWft6kWBBcqh0UA==",
      "dependencies": {
        "brace-expansion": "^1.1.7"
      },
      "engines": {
        "node": "*"
      }
    },
    "node_modules/mute-stream": {
      "version": "0.0.8",
      "resolved": "https://registry.npmjs.org/mute-stream/-/mute-stream-0.0.8.tgz",
      "integrity": "sha512-nnbWWOkoWyUsTjKrhgD0dcz22mdkSnpYqbEjIm2nhwhuxlSkpywJmBo8h0ZqJdkp73mb90SssHkN4rsRaBAfAA=="
    },
    "node_modules/promise-ftp": {
      "version": "1.3.5",
      "resolved": "https://registry.npmjs.org/promise-ftp/-/promise-ftp-1.3.5.tgz",
      "integrity": "sha512-v368jPSqzmjjKDIyggulC+dRFcpAOEX7aFdEWkFYQp8Ao3P2N4Y6XnFFdKgK7PtkylwvGQkZR/65HZuzmq0V7A==",
      "dependencies": {
        "@icetee/ftp": "^0.3.15",
        "bluebird": "2.x",
        "promise-ftp-common": "^1.1.5"
      },
      "engines": {
        "iojs": "*",
        "node": ">=0.11.13"
      },
      "peerDependencies": {
        "promise-ftp-common": "^1.1.5"
      }
    },
    "node_modules/promise-ftp-common": {
      "version": "1.1.5",
      "resolved": "https://registry.npmjs.org/promise-ftp-common/-/promise-ftp-common-1.1.5.tgz",
      "integrity": "sha1-tPgIKnQDVkdwNQZ2PtsUIw2YZdo="
    },
    "node_modules/promise-ftp/node_modules/bluebird": {
      "version": "2.11.0",
      "resolved": "https://registry.npmjs.org/bluebird/-/bluebird-2.11.0.tgz",
      "integrity": "sha1-U0uQM8AiyVecVro7Plpcqvu2UOE="
    },
    "node_modules/read": {
      "version": "1.0.7",
      "resolved": "https://registry.npmjs.org/read/-/read-1.0.7.tgz",
      "integrity": "sha1-s9oZvQUkMal2cdRKQmNK33ELQMQ=",
      "dependencies": {
        "mute-stream": "~0.0.4"
      },
      "engines": {
        "node": ">=0.8"
      }
    },
    "node_modules/readable-stream": {
      "version": "1.1.14",
      "resolved": "https://registry.npmjs.org/readable-stream/-/readable-stream-1.1.14.tgz",
      "integrity": "sha1-fPTFTvZI44EwhMY23SB54WbAgdk=",
      "dependencies": {
        "core-util-is": "~1.0.0",
        "inherits": "~2.0.1",
        "isarray": "0.0.1",
        "string_decoder": "~0.10.x"
      }
    },
    "node_modules/string_decoder": {
      "version": "0.10.31",
      "resolved": "https://registry.npmjs.org/string_decoder/-/string_decoder-0.10.31.tgz",
      "integrity": "sha1-YuIDvEF2bGwoyfyEMB2rHFMQ+pQ="
    },
    "node_modules/tunnel": {
      "version": "0.0.6",
      "resolved": "https://registry.npmjs.org/tunnel/-/tunnel-0.0.6.tgz",
      "integrity": "sha512-1h/Lnq9yajKY2PEbBadPXj3VxsDDu844OnaAo52UVmIzIvwwtBPIuNvkjuzBlTWpfJyUbG3ez0KSBibQkj4ojg==",
      "engines": {
        "node": ">=0.6.11 <=0.7.0 || >=0.7.3"
      }
    },
    "node_modules/upath": {
      "version": "1.2.0",
      "resolved": "https://registry.npmjs.org/upath/-/upath-1.2.0.tgz",
      "integrity": "sha512-aZwGpamFO61g3OlfT7OQCHqhGnW43ieH9WZeP7QxN/G/jS4jfqUkZxoryvJgVPEcrl5NL/ggHsSmLMHuH64Lhg==",
      "engines": {
        "node": ">=4",
        "yarn": "*"
      }
    },
    "node_modules/uuid": {
      "version": "8.3.2",
      "resolved": "https://registry.npmjs.org/uuid/-/uuid-8.3.2.tgz",
      "integrity": "sha512-+NYs2QeMWy+GWFOEm9xnn6HCDp0l7QBD7ml8zLUmJ+93Q5NF0NocErnwkTkXVFNiX3/fpC6afS8Dhb/gz7R7eg==",
      "bin": {
        "uuid": "dist/bin/uuid"
      }
    },
    "node_modules/xregexp": {
      "version": "2.0.0",
      "resolved": "https://registry.npmjs.org/xregexp/-/xregexp-2.0.0.tgz",
      "integrity": "sha1-UqY+VsoLhKfzpfPWGHLxJq16WUM=",
      "engines": {
        "node": "*"
      }
    }
  },
  "dependencies": {
    "@actions/core": {
      "version": "1.9.1",
      "resolved": "https://registry.npmjs.org/@actions/core/-/core-1.9.1.tgz",
      "integrity": "sha512-5ad+U2YGrmmiw6du20AQW5XuWo7UKN2052FjSV7MX+Wfjf8sCqcsZe62NfgHys4QI4/Y+vQvLKYL8jWtA1ZBTA==",
      "requires": {
        "@actions/http-client": "^2.0.1",
        "uuid": "^8.3.2"
      }
    },
    "@actions/http-client": {
      "version": "2.0.1",
      "resolved": "https://registry.npmjs.org/@actions/http-client/-/http-client-2.0.1.tgz",
      "integrity": "sha512-PIXiMVtz6VvyaRsGY268qvj57hXQEpsYogYOu2nrQhlf+XCGmZstmuZBbAybUl1nQGnvS1k1eEsQ69ZoD7xlSw==",
      "requires": {
        "tunnel": "^0.0.6"
      }
    },
    "@icetee/ftp": {
      "version": "0.3.15",
      "resolved": "https://registry.npmjs.org/@icetee/ftp/-/ftp-0.3.15.tgz",
      "integrity": "sha512-RxSa9VjcDWgWCYsaLdZItdCnJj7p4LxggaEk+Y3MP0dHKoxez8ioG07DVekVbZZqccsrL+oPB/N9AzVPxj4blg==",
      "requires": {
        "readable-stream": "1.1.x",
        "xregexp": "2.0.0"
      }
    },
    "@zeit/ncc": {
      "version": "0.22.3",
      "resolved": "https://registry.npmjs.org/@zeit/ncc/-/ncc-0.22.3.tgz",
      "integrity": "sha512-jnCLpLXWuw/PAiJiVbLjA8WBC0IJQbFeUwF4I9M+23MvIxTxk5pD4Q8byQBSPmHQjz5aBoA7AKAElQxMpjrCLQ==",
      "dev": true
    },
    "balanced-match": {
      "version": "1.0.0",
      "resolved": "https://registry.npmjs.org/balanced-match/-/balanced-match-1.0.0.tgz",
      "integrity": "sha1-ibTRmasr7kneFk6gK4nORi1xt2c="
    },
    "bluebird": {
      "version": "3.7.2",
      "resolved": "https://registry.npmjs.org/bluebird/-/bluebird-3.7.2.tgz",
      "integrity": "sha512-XpNj6GDQzdfW+r2Wnn7xiSAd7TM3jzkxGXBGTtWKuSXv1xUV+azxAm8jdWZN06QTQk+2N2XB9jRDkvbmQmcRtg=="
    },
    "brace-expansion": {
      "version": "1.1.11",
      "resolved": "https://registry.npmjs.org/brace-expansion/-/brace-expansion-1.1.11.tgz",
      "integrity": "sha512-iCuPHDFgrHX7H2vEI/5xpz07zSHB00TpugqhmYtVmMO6518mCuRMoOYFldEBl0g187ufozdaHgWKcYFb61qGiA==",
      "requires": {
        "balanced-match": "^1.0.0",
        "concat-map": "0.0.1"
      }
    },
    "concat-map": {
      "version": "0.0.1",
      "resolved": "https://registry.npmjs.org/concat-map/-/concat-map-0.0.1.tgz",
      "integrity": "sha1-2Klr13/Wjfd5OnMDajug1UBdR3s="
    },
    "core-util-is": {
      "version": "1.0.2",
      "resolved": "https://registry.npmjs.org/core-util-is/-/core-util-is-1.0.2.tgz",
      "integrity": "sha1-tf1UIgqivFq1eqtxQMlAdUUDwac="
    },
    "ftp-deploy": {
      "version": "2.3.8",
      "resolved": "https://registry.npmjs.org/ftp-deploy/-/ftp-deploy-2.3.8.tgz",
      "integrity": "sha512-1mSPYxDpbl9k+9ojFcA4WLa6xyrZqkiJT59G+2Uy+2+DVdC3Bas05RQSomIz/00RIWJH+l/3W0NByYfUPupELQ==",
      "requires": {
        "bluebird": "^3.7.0",
        "minimatch": "3.0.4",
        "promise-ftp": "^1.3.5",
        "read": "^1.0.7",
        "upath": "^1.2.0"
      }
    },
    "inherits": {
      "version": "2.0.4",
      "resolved": "https://registry.npmjs.org/inherits/-/inherits-2.0.4.tgz",
      "integrity": "sha512-k/vGaX4/Yla3WzyMCvTQOXYeIHvqOKtnqBduzTHpzpQZzAskKMhZ2K+EnBiSM9zGSoIFeMpXKxa4dYeZIQqewQ=="
    },
    "isarray": {
      "version": "0.0.1",
      "resolved": "https://registry.npmjs.org/isarray/-/isarray-0.0.1.tgz",
      "integrity": "sha1-ihis/Kmo9Bd+Cav8YDiTmwXR7t8="
    },
    "minimatch": {
      "version": "3.0.4",
      "resolved": "https://registry.npmjs.org/minimatch/-/minimatch-3.0.4.tgz",
      "integrity": "sha512-yJHVQEhyqPLUTgt9B83PXu6W3rx4MvvHvSUvToogpwoGDOUQ+yDrR0HRot+yOCdCO7u4hX3pWft6kWBBcqh0UA==",
      "requires": {
        "brace-expansion": "^1.1.7"
      }
    },
    "mute-stream": {
      "version": "0.0.8",
      "resolved": "https://registry.npmjs.org/mute-stream/-/mute-stream-0.0.8.tgz",
      "integrity": "sha512-nnbWWOkoWyUsTjKrhgD0dcz22mdkSnpYqbEjIm2nhwhuxlSkpywJmBo8h0ZqJdkp73mb90SssHkN4rsRaBAfAA=="
    },
    "promise-ftp": {
      "version": "1.3.5",
      "resolved": "https://registry.npmjs.org/promise-ftp/-/promise-ftp-1.3.5.tgz",
      "integrity": "sha512-v368jPSqzmjjKDIyggulC+dRFcpAOEX7aFdEWkFYQp8Ao3P2N4Y6XnFFdKgK7PtkylwvGQkZR/65HZuzmq0V7A==",
      "requires": {
        "@icetee/ftp": "^0.3.15",
        "bluebird": "2.x",
        "promise-ftp-common": "^1.1.5"
      },
      "dependencies": {
        "bluebird": {
          "version": "2.11.0",
          "resolved": "https://registry.npmjs.org/bluebird/-/bluebird-2.11.0.tgz",
          "integrity": "sha1-U0uQM8AiyVecVro7Plpcqvu2UOE="
        }
      }
    },
    "promise-ftp-common": {
      "version": "1.1.5",
      "resolved": "https://registry.npmjs.org/promise-ftp-common/-/promise-ftp-common-1.1.5.tgz",
      "integrity": "sha1-tPgIKnQDVkdwNQZ2PtsUIw2YZdo="
    },
    "read": {
      "version": "1.0.7",
      "resolved": "https://registry.npmjs.org/read/-/read-1.0.7.tgz",
      "integrity": "sha1-s9oZvQUkMal2cdRKQmNK33ELQMQ=",
      "requires": {
        "mute-stream": "~0.0.4"
      }
    },
    "readable-stream": {
      "version": "1.1.14",
      "resolved": "https://registry.npmjs.org/readable-stream/-/readable-stream-1.1.14.tgz",
      "integrity": "sha1-fPTFTvZI44EwhMY23SB54WbAgdk=",
      "requires": {
        "core-util-is": "~1.0.0",
        "inherits": "~2.0.1",
        "isarray": "0.0.1",
        "string_decoder": "~0.10.x"
      }
    },
    "string_decoder": {
      "version": "0.10.31",
      "resolved": "https://registry.npmjs.org/string_decoder/-/string_decoder-0.10.31.tgz",
      "integrity": "sha1-YuIDvEF2bGwoyfyEMB2rHFMQ+pQ="
    },
    "tunnel": {
      "version": "0.0.6",
      "resolved": "https://registry.npmjs.org/tunnel/-/tunnel-0.0.6.tgz",
      "integrity": "sha512-1h/Lnq9yajKY2PEbBadPXj3VxsDDu844OnaAo52UVmIzIvwwtBPIuNvkjuzBlTWpfJyUbG3ez0KSBibQkj4ojg=="
    },
    "upath": {
      "version": "1.2.0",
      "resolved": "https://registry.npmjs.org/upath/-/upath-1.2.0.tgz",
      "integrity": "sha512-aZwGpamFO61g3OlfT7OQCHqhGnW43ieH9WZeP7QxN/G/jS4jfqUkZxoryvJgVPEcrl5NL/ggHsSmLMHuH64Lhg=="
    },
    "uuid": {
      "version": "8.3.2",
      "resolved": "https://registry.npmjs.org/uuid/-/uuid-8.3.2.tgz",
      "integrity": "sha512-+NYs2QeMWy+GWFOEm9xnn6HCDp0l7QBD7ml8zLUmJ+93Q5NF0NocErnwkTkXVFNiX3/fpC6afS8Dhb/gz7R7eg=="
    },
    "xregexp": {
      "version": "2.0.0",
      "resolved": "https://registry.npmjs.org/xregexp/-/xregexp-2.0.0.tgz",
      "integrity": "sha1-UqY+VsoLhKfzpfPWGHLxJq16WUM="
    }
  }
}
